
Microsoft Visual Studio Solution File, Format Version 12.00
# Visual Studio 15
VisualStudioVersion = 15.0.28307.421
MinimumVisualStudioVersion = 10.0.40219.1
Project("{8BC9CEB8-8B4A-11D0-8D11-00A0C91BC942}") = "Lineal", "Lineal\Lineal.vcxproj", "{20EE80F0-DF0C-4567-9E0F-3BF8DBDA6172}"
EndProject
Global
	GlobalSection(SolutionConfigurationPlatforms) = preSolution
		Debug|x64 = Debug|x64
		Debug|x86 = Debug|x86
		Release|x64 = Release|x64
		Release|x86 = Release|x86
	EndGlobalSection
	GlobalSection(ProjectConfigurationPlatforms) = postSolution
		{20EE80F0-DF0C-4567-9E0F-3BF8DBDA6172}.Debug|x64.ActiveCfg = Debug|x64
		{20EE80F0-DF0C-4567-9E0F-3BF8DBDA6172}.Debug|x64.Build.0 = Debug|x64
		{20EE80F0-DF0C-4567-9E0F-3BF8DBDA6172}.Debug|x86.ActiveCfg = Debug|Win32
		{20EE80F0-DF0C-4567-9E0F-3BF8DBDA6172}.Debug|x86.Build.0 = Debug|Win32
		{20EE80F0-DF0C-4567-9E0F-3BF8DBDA6172}.Release|x64.ActiveCfg = Release|x64
		{20EE80F0-DF0C-4567-9E0F-3BF8DBDA6172}.Release|x64.Build.0 = Release|x64
		{20EE80F0-DF0C-4567-9E0F-3BF8DBDA6172}.Release|x86.ActiveCfg = Release|x64
		{20EE80F0-DF0C-4567-9E0F-3BF8DBDA6172}.Release|x86.Build.0 = Release|x64
	EndGlobalSection
	GlobalSection(SolutionProperties) = preSolution
		HideSolutionNode = FALSE
	EndGlobalSection
	GlobalSection(ExtensibilityGlobals) = postSolution
		SolutionGuid = {416309B9-C16E-40F2-A53E-E948E50D5602}
	EndGlobalSection
EndGlobal
